{
    "_readme": [
        "This file locks the dependencies of your project to a known state",
        "Read more about it at https://getcomposer.org/doc/01-basic-usage.md#installing-dependencies",
        "This file is @generated automatically"
    ],
    "content-hash": "753f11ab5453f8a4a01fd987cbe948d8",
    "packages": [
        {
            "name": "pear/console_getopt",
            "version": "v1.4.2",
            "source": {
                "type": "git",
                "url": "https://github.com/pear/Console_Getopt.git",
                "reference": "6c77aeb625b32bd752e89ee17972d103588b90c0"
            },
            "dist": {
                "type": "zip",
                "url": "https://api.github.com/repos/pear/Console_Getopt/zipball/6c77aeb625b32bd752e89ee17972d103588b90c0",
                "reference": "6c77aeb625b32bd752e89ee17972d103588b90c0",
                "shasum": ""
            },
            "type": "library",
            "autoload": {
                "psr-0": {
                    "Console": "./"
                }
            },
            "notification-url": "https://packagist.org/downloads/",
            "include-path": [
                "./"
            ],
            "license": [
                "BSD-2-Clause"
            ],
            "authors": [
                {
                    "name": "Greg Beaver",
                    "role": "Helper",
                    "email": "cellog@php.net"
                },
                {
                    "name": "Andrei Zmievski",
                    "role": "Lead",
                    "email": "andrei@php.net"
                },
                {
                    "name": "Stig Bakken",
                    "role": "Developer",
                    "email": "stig@php.net"
                }
            ],
            "description": "More info available on: http://pear.php.net/package/Console_Getopt",
            "time": "2019-02-06T16:52:33+00:00"
        },
        {
            "name": "pear/html_template_it",
            "version": "v1.3.1",
            "source": {
                "type": "git",
                "url": "https://github.com/pear/HTML_Template_IT.git",
                "reference": "a9426cc9d3f24a9e6057411b4eac2bc974f8dc22"
            },
            "dist": {
                "type": "zip",
                "url": "https://api.github.com/repos/pear/HTML_Template_IT/zipball/a9426cc9d3f24a9e6057411b4eac2bc974f8dc22",
                "reference": "a9426cc9d3f24a9e6057411b4eac2bc974f8dc22",
                "shasum": ""
            },
            "require": {
                "pear/pear-core-minimal": "^1.10.1",
                "php": ">=5.4"
            },
            "require-dev": {
                "phpunit/phpunit": "^3"
            },
            "type": "library",
            "autoload": {
                "psr-0": {
                    "HTML": "./"
                }
            },
            "notification-url": "https://packagist.org/downloads/",
            "include-path": [
                "./"
            ],
            "license": [
                "BSD-3-Clause"
            ],
            "authors": [
                {
                    "name": "Pierre-Alain Joye",
                    "role": "Lead",
                    "email": "pajoye@php.net"
                },
                {
                    "name": "Gregory Currie",
                    "role": "Lead",
                    "email": "gregorycu@php.net"
                },
                {
                    "name": "David Soria Parra",
                    "role": "Lead",
                    "email": "dsp@php.net"
                },
                {
                    "name": "Thorsten Rinne",
                    "role": "Developer",
                    "email": "thorstenr@php.net"
                },
                {
                    "name": "Ulf Wendel",
                    "role": "Developer",
                    "email": "ulf.wendel@phpdoc.de"
                }
            ],
            "description": "More info available on: http://pear.php.net/package/HTML_Template_IT",
            "time": "2018-01-22T14:16:18+00:00"
        },
        {
            "name": "pear/pear-core-minimal",
            "version": "v1.10.9",
            "source": {
                "type": "git",
                "url": "https://github.com/pear/pear-core-minimal.git",
                "reference": "742be8dd68c746a01e4b0a422258e9c9cae1c37f"
            },
            "dist": {
                "type": "zip",
                "url": "https://api.github.com/repos/pear/pear-core-minimal/zipball/742be8dd68c746a01e4b0a422258e9c9cae1c37f",
                "reference": "742be8dd68c746a01e4b0a422258e9c9cae1c37f",
                "shasum": ""
            },
            "require": {
                "pear/console_getopt": "~1.4",
                "pear/pear_exception": "~1.0"
            },
            "replace": {
                "rsky/pear-core-min": "self.version"
            },
            "type": "library",
            "autoload": {
                "psr-0": {
                    "": "src/"
                }
            },
            "notification-url": "https://packagist.org/downloads/",
            "include-path": [
                "src/"
            ],
            "license": [
                "BSD-3-Clause"
            ],
            "authors": [
                {
                    "name": "Christian Weiske",
                    "email": "cweiske@php.net",
                    "role": "Lead"
                }
            ],
            "description": "Minimal set of PEAR core files to be used as composer dependency",
            "time": "2019-03-13T18:15:44+00:00"
        },
        {
            "name": "pear/pear_exception",
            "version": "v1.0.0",
            "source": {
                "type": "git",
                "url": "https://github.com/pear/PEAR_Exception.git",
                "reference": "8c18719fdae000b690e3912be401c76e406dd13b"
            },
            "dist": {
                "type": "zip",
                "url": "https://api.github.com/repos/pear/PEAR_Exception/zipball/8c18719fdae000b690e3912be401c76e406dd13b",
                "reference": "8c18719fdae000b690e3912be401c76e406dd13b",
                "shasum": ""
            },
            "require": {
                "php": ">=4.4.0"
            },
            "require-dev": {
                "phpunit/phpunit": "*"
            },
            "type": "class",
            "extra": {
                "branch-alias": {
                    "dev-master": "1.0.x-dev"
                }
            },
            "autoload": {
                "psr-0": {
                    "PEAR": ""
                }
            },
            "notification-url": "https://packagist.org/downloads/",
            "include-path": [
                "."
            ],
            "license": [
                "BSD-2-Clause"
            ],
            "authors": [
                {
                    "name": "Helgi Thormar",
                    "email": "dufuz@php.net"
                },
                {
                    "name": "Greg Beaver",
                    "email": "cellog@php.net"
                }
            ],
            "description": "The PEAR Exception base class.",
            "homepage": "https://github.com/pear/PEAR_Exception",
            "keywords": [
                "exception"
            ],
            "time": "2015-02-10T20:07:52+00:00"
        },
        {
            "name": "setasign/fpdf",
            "version": "1.8.1",
            "source": {
                "type": "git",
                "url": "https://github.com/Setasign/FPDF.git",
                "reference": "2c68c9e6c034ac3187d25968790139a73184cdb1"
            },
            "dist": {
                "type": "zip",
                "url": "https://api.github.com/repos/Setasign/FPDF/zipball/2c68c9e6c034ac3187d25968790139a73184cdb1",
                "reference": "2c68c9e6c034ac3187d25968790139a73184cdb1",
                "shasum": ""
            },
            "type": "library",
            "autoload": {
                "classmap": [
                    "fpdf.php"
                ]
            },
            "notification-url": "https://packagist.org/downloads/",
            "license": [
                "no usage restriction"
            ],
            "authors": [
                {
                    "name": "Olivier Plathey",
                    "email": "oliver@fpdf.org",
                    "homepage": "http://fpdf.org/"
                }
            ],
            "description": "FPDF is a PHP class which allows to generate PDF files with pure PHP. F from FPDF stands for Free: you may use it for any kind of usage and modify it to suit your needs.",
            "homepage": "http://www.fpdf.org",
            "keywords": [
                "fpdf",
                "pdf"
            ],
            "time": "2016-01-01T17:47:15+00:00"
        },
        {
            "name": "setasign/fpdi",
            "version": "v2.2.0",
            "source": {
                "type": "git",
                "url": "https://github.com/Setasign/FPDI.git",
                "reference": "3c266002f8044f61b17329f7cd702d44d73f0f7f"
            },
            "dist": {
                "type": "zip",
                "url": "https://api.github.com/repos/Setasign/FPDI/zipball/3c266002f8044f61b17329f7cd702d44d73f0f7f",
                "reference": "3c266002f8044f61b17329f7cd702d44d73f0f7f",
                "shasum": ""
            },
            "require": {
                "ext-zlib": "*",
                "php": "^5.6 || ^7.0"
            },
            "require-dev": {
                "phpunit/phpunit": "~5.7",
                "setasign/fpdf": "~1.8",
                "setasign/tfpdf": "1.25",
                "tecnickcom/tcpdf": "~6.2"
            },
            "suggest": {
                "setasign/fpdf": "FPDI will extend this class but as it is also possible to use TCPDF or tFPDF as an alternative. There's no fixed dependency configured.",
                "setasign/fpdi-fpdf": "Use this package to automatically evaluate dependencies to FPDF.",
                "setasign/fpdi-tcpdf": "Use this package to automatically evaluate dependencies to TCPDF.",
                "setasign/fpdi-tfpdf": "Use this package to automatically evaluate dependencies to tFPDF."
            },
            "type": "library",
            "autoload": {
                "psr-4": {
                    "setasign\\Fpdi\\": "src/"
                }
            },
            "notification-url": "https://packagist.org/downloads/",
            "license": [
                "MIT"
            ],
            "authors": [
                {
                    "name": "Jan Slabon",
                    "email": "jan.slabon@setasign.com",
                    "homepage": "https://www.setasign.com"
                },
                {
                    "name": "Maximilian Kresse",
                    "email": "maximilian.kresse@setasign.com",
                    "homepage": "https://www.setasign.com"
                }
            ],
            "description": "FPDI is a collection of PHP classes facilitating developers to read pages from existing PDF documents and use them as templates in FPDF. Because it is also possible to use FPDI with TCPDF, there are no fixed dependencies defined. Please see suggestions for packages which evaluates the dependencies automatically.",
            "homepage": "https://www.setasign.com/fpdi",
            "keywords": [
                "fpdf",
                "fpdi",
                "pdf"
            ],
            "time": "2019-01-30T14:11:19+00:00"
        },
        {
            "name": "setasign/fpdi-fpdf",
            "version": "v2.2.0",
            "source": {
                "type": "git",
                "url": "https://github.com/Setasign/FPDI-FPDF.git",
                "reference": "e4363ac09e1b766b38ebea1c3cbe82b3480a11e9"
            },
            "dist": {
                "type": "zip",
                "url": "https://api.github.com/repos/Setasign/FPDI-FPDF/zipball/e4363ac09e1b766b38ebea1c3cbe82b3480a11e9",
                "reference": "e4363ac09e1b766b38ebea1c3cbe82b3480a11e9",
                "shasum": ""
            },
            "require": {
                "setasign/fpdf": "^1.8",
                "setasign/fpdi": "^2.2"
            },
            "type": "library",
            "notification-url": "https://packagist.org/downloads/",
            "license": [
                "MIT"
            ],
            "authors": [
                {
                    "name": "Jan Slabon",
                    "email": "jan.slabon@setasign.com",
                    "homepage": "https://www.setasign.com"
                }
            ],
            "description": "Kind of metadata package for dependencies of the latest versions of FPDI and FPDF.",
            "homepage": "https://www.setasign.com/fpdi",
            "keywords": [
                "fpdf",
                "fpdi",
                "pdf"
            ],
            "time": "2019-01-30T14:38:19+00:00"
        }
    ],
    "packages-dev": [],
    "aliases": [],
    "minimum-stability": "stable",
    "stability-flags": [],
    "prefer-stable": false,
    "prefer-lowest": false,
    "platform": [],
    "platform-dev": []
}
